// !$*UTF8*$!
{
	archiveVersion = 1;
	classes = {
	};
	objectVersion = 50;
	objects = {

/* Begin PBXBuildFile section */
		8212531B215DB8F1007262F9 /* AppDelegate.swift in Sources */ = {isa = PBXBuildFile; fileRef = 8212531A215DB8F1007262F9 /* AppDelegate.swift */; };
		8212531D215DB8F1007262F9 /* ViewController.swift in Sources */ = {isa = PBXBuildFile; fileRef = 8212531C215DB8F1007262F9 /* ViewController.swift */; };
		82125320215DB8F1007262F9 /* Main.storyboard in Resources */ = {isa = PBXBuildFile; fileRef = 8212531E215DB8F1007262F9 /* Main.storyboard */; };
		82125322215DB8F3007262F9 /* Assets.xcassets in Resources */ = {isa = PBXBuildFile; fileRef = 82125321215DB8F3007262F9 /* Assets.xcassets */; };
		82125325215DB8F3007262F9 /* LaunchScreen.storyboard in Resources */ = {isa = PBXBuildFile; fileRef = 82125323215DB8F3007262F9 /* LaunchScreen.storyboard */; };
		8212532D215DDB56007262F9 /* ViewModel.swift in Sources */ = {isa = PBXBuildFile; fileRef = 8212532C215DDB56007262F9 /* ViewModel.swift */; };
		82125335215DE588007262F9 /* ConvertNumberTests.swift in Sources */ = {isa = PBXBuildFile; fileRef = 82125334215DE588007262F9 /* ConvertNumberTests.swift */; };
		8212533D215DE704007262F9 /* ViewmodelTest.swift in Sources */ = {isa = PBXBuildFile; fileRef = 8212533C215DE704007262F9 /* ViewmodelTest.swift */; };
		8212533E215DF952007262F9 /* ViewModel.swift in Sources */ = {isa = PBXBuildFile; fileRef = 8212532C215DDB56007262F9 /* ViewModel.swift */; };
		A746A86DFEF48702A360D649 /* Pods_ConvertNumber.framework in Frameworks */ = {isa = PBXBuildFile; fileRef = 61A01EE5F684A9E94B4053A5 /* Pods_ConvertNumber.framework */; };
		F36935971271AB5FECDC997B /* Pods_ConvertNumberTests.framework in Frameworks */ = {isa = PBXBuildFile; fileRef = 10D744E57414819FAE43DF78 /* Pods_ConvertNumberTests.framework */; };
		FBAE3F182165C24800AB59A2 /* ContactsUI.framework in Frameworks */ = {isa = PBXBuildFile; fileRef = FBAE3F162165C24800AB59A2 /* ContactsUI.framework */; };
		FBAE3F192165C24800AB59A2 /* Contacts.framework in Frameworks */ = {isa = PBXBuildFile; fileRef = FBAE3F172165C24800AB59A2 /* Contacts.framework */; };
/* End PBXBuildFile section */

/* Begin PBXContainerItemProxy section */
		82125337215DE588007262F9 /* PBXContainerItemProxy */ = {
			isa = PBXContainerItemProxy;
			containerPortal = 8212530F215DB8F1007262F9 /* Project object */;
			proxyType = 1;
			remoteGlobalIDString = 82125316215DB8F1007262F9;
			remoteInfo = ConvertNumber;
		};
/* End PBXContainerItemProxy section */

/* Begin PBXFileReference section */
		0931B254D1B206318018CE54 /* Pods-ConvertNumber.debug.xcconfig */ = {isa = PBXFileReference; includeInIndex = 1; lastKnownFileType = text.xcconfig; name = "Pods-ConvertNumber.debug.xcconfig"; path = "Pods/Target Support Files/Pods-ConvertNumber/Pods-ConvertNumber.debug.xcconfig"; sourceTree = "<group>"; };
		10D744E57414819FAE43DF78 /* Pods_ConvertNumberTests.framework */ = {isa = PBXFileReference; explicitFileType = wrapper.framework; includeInIndex = 0; path = Pods_ConvertNumberTests.framework; sourceTree = BUILT_PRODUCTS_DIR; };
		369A0A678628B046A6B6DD64 /* Pods-ConvertNumberTests.debug.xcconfig */ = {isa = PBXFileReference; includeInIndex = 1; lastKnownFileType = text.xcconfig; name = "Pods-ConvertNumberTests.debug.xcconfig"; path = "Pods/Target Support Files/Pods-ConvertNumberTests/Pods-ConvertNumberTests.debug.xcconfig"; sourceTree = "<group>"; };
		61A01EE5F684A9E94B4053A5 /* Pods_ConvertNumber.framework */ = {isa = PBXFileReference; explicitFileType = wrapper.framework; includeInIndex = 0; path = Pods_ConvertNumber.framework; sourceTree = BUILT_PRODUCTS_DIR; };
		82125317215DB8F1007262F9 /* ConvertNumber.app */ = {isa = PBXFileReference; explicitFileType = wrapper.application; includeInIndex = 0; path = ConvertNumber.app; sourceTree = BUILT_PRODUCTS_DIR; };
		8212531A215DB8F1007262F9 /* AppDelegate.swift */ = {isa = PBXFileReference; lastKnownFileType = sourcecode.swift; path = AppDelegate.swift; sourceTree = "<group>"; };
		8212531C215DB8F1007262F9 /* ViewController.swift */ = {isa = PBXFileReference; lastKnownFileType = sourcecode.swift; path = ViewController.swift; sourceTree = "<group>"; };
		8212531F215DB8F1007262F9 /* Base */ = {isa = PBXFileReference; lastKnownFileType = file.storyboard; name = Base; path = Base.lproj/Main.storyboard; sourceTree = "<group>"; };
		82125321215DB8F3007262F9 /* Assets.xcassets */ = {isa = PBXFileReference; lastKnownFileType = folder.assetcatalog; path = Assets.xcassets; sourceTree = "<group>"; };
		82125324215DB8F3007262F9 /* Base */ = {isa = PBXFileReference; lastKnownFileType = file.storyboard; name = Base; path = Base.lproj/LaunchScreen.storyboard; sourceTree = "<group>"; };
		82125326215DB8F3007262F9 /* Info.plist */ = {isa = PBXFileReference; lastKnownFileType = text.plist.xml; path = Info.plist; sourceTree = "<group>"; };
		8212532C215DDB56007262F9 /* ViewModel.swift */ = {isa = PBXFileReference; lastKnownFileType = sourcecode.swift; path = ViewModel.swift; sourceTree = "<group>"; };
		82125332215DE588007262F9 /* ConvertNumberTests.xctest */ = {isa = PBXFileReference; explicitFileType = wrapper.cfbundle; includeInIndex = 0; path = ConvertNumberTests.xctest; sourceTree = BUILT_PRODUCTS_DIR; };
		82125334215DE588007262F9 /* ConvertNumberTests.swift */ = {isa = PBXFileReference; lastKnownFileType = sourcecode.swift; path = ConvertNumberTests.swift; sourceTree = "<group>"; };
		82125336215DE588007262F9 /* Info.plist */ = {isa = PBXFileReference; lastKnownFileType = text.plist.xml; path = Info.plist; sourceTree = "<group>"; };
		8212533C215DE704007262F9 /* ViewmodelTest.swift */ = {isa = PBXFileReference; lastKnownFileType = sourcecode.swift; path = ViewmodelTest.swift; sourceTree = "<group>"; };
		83A69F1BED180A3AD525BA20 /* Pods-ConvertNumberTests.release.xcconfig */ = {isa = PBXFileReference; includeInIndex = 1; lastKnownFileType = text.xcconfig; name = "Pods-ConvertNumberTests.release.xcconfig"; path = "Pods/Target Support Files/Pods-ConvertNumberTests/Pods-ConvertNumberTests.release.xcconfig"; sourceTree = "<group>"; };
		F0ABF086057AE04FA54B5E7B /* Pods-ConvertNumber.release.xcconfig */ = {isa = PBXFileReference; includeInIndex = 1; lastKnownFileType = text.xcconfig; name = "Pods-ConvertNumber.release.xcconfig"; path = "Pods/Target Support Files/Pods-ConvertNumber/Pods-ConvertNumber.release.xcconfig"; sourceTree = "<group>"; };
		FBAE3F162165C24800AB59A2 /* ContactsUI.framework */ = {isa = PBXFileReference; lastKnownFileType = wrapper.framework; name = ContactsUI.framework; path = System/Library/Frameworks/ContactsUI.framework; sourceTree = SDKROOT; };
		FBAE3F172165C24800AB59A2 /* Contacts.framework */ = {isa = PBXFileReference; lastKnownFileType = wrapper.framework; name = Contacts.framework; path = System/Library/Frameworks/Contacts.framework; sourceTree = SDKROOT; };
/* End PBXFileReference section */

/* Begin PBXFrameworksBuildPhase section */
		82125314215DB8F1007262F9 /* Frameworks */ = {
			isa = PBXFrameworksBuildPhase;
			buildActionMask = 2147483647;
			files = (
				FBAE3F182165C24800AB59A2 /* ContactsUI.framework in Frameworks */,
				FBAE3F192165C24800AB59A2 /* Contacts.framework in Frameworks */,
				A746A86DFEF48702A360D649 /* Pods_ConvertNumber.framework in Frameworks */,
			);
			runOnlyForDeploymentPostprocessing = 0;
		};
		8212532F215DE588007262F9 /* Frameworks */ = {
			isa = PBXFrameworksBuildPhase;
			buildActionMask = 2147483647;
			files = (
				F36935971271AB5FECDC997B /* Pods_ConvertNumberTests.framework in Frameworks */,
			);
			runOnlyForDeploymentPostprocessing = 0;
		};
/* End PBXFrameworksBuildPhase section */

/* Begin PBXGroup section */
		1E80A57807CF0E350C3EC540 /* Pods */ = {
			isa = PBXGroup;
			children = (
				0931B254D1B206318018CE54 /* Pods-ConvertNumber.debug.xcconfig */,
				F0ABF086057AE04FA54B5E7B /* Pods-ConvertNumber.release.xcconfig */,
				369A0A678628B046A6B6DD64 /* Pods-ConvertNumberTests.debug.xcconfig */,
				83A69F1BED180A3AD525BA20 /* Pods-ConvertNumberTests.release.xcconfig */,
			);
			name = Pods;
			sourceTree = "<group>";
		};
		8212530E215DB8F1007262F9 = {
			isa = PBXGroup;
			children = (
				82125319215DB8F1007262F9 /* ConvertNumber */,
				82125333215DE588007262F9 /* ConvertNumberTests */,
				82125318215DB8F1007262F9 /* Products */,
				1E80A57807CF0E350C3EC540 /* Pods */,
				8B41681F70601E206D9406E4 /* Frameworks */,
			);
			sourceTree = "<group>";
		};
		82125318215DB8F1007262F9 /* Products */ = {
			isa = PBXGroup;
			children = (
				82125317215DB8F1007262F9 /* ConvertNumber.app */,
				82125332215DE588007262F9 /* ConvertNumberTests.xctest */,
			);
			name = Products;
			sourceTree = "<group>";
		};
		82125319215DB8F1007262F9 /* ConvertNumber */ = {
			isa = PBXGroup;
			children = (
				8212531A215DB8F1007262F9 /* AppDelegate.swift */,
				8212531C215DB8F1007262F9 /* ViewController.swift */,
				8212531E215DB8F1007262F9 /* Main.storyboard */,
				82125321215DB8F3007262F9 /* Assets.xcassets */,
				82125323215DB8F3007262F9 /* LaunchScreen.storyboard */,
				82125326215DB8F3007262F9 /* Info.plist */,
				8212532C215DDB56007262F9 /* ViewModel.swift */,
			);
			path = ConvertNumber;
			sourceTree = "<group>";
		};
		82125333215DE588007262F9 /* ConvertNumberTests */ = {
			isa = PBXGroup;
			children = (
				82125334215DE588007262F9 /* ConvertNumberTests.swift */,
				82125336215DE588007262F9 /* Info.plist */,
				8212533C215DE704007262F9 /* ViewmodelTest.swift */,
			);
			path = ConvertNumberTests;
			sourceTree = "<group>";
		};
		8B41681F70601E206D9406E4 /* Frameworks */ = {
			isa = PBXGroup;
			children = (
				FBAE3F172165C24800AB59A2 /* Contacts.framework */,
				FBAE3F162165C24800AB59A2 /* ContactsUI.framework */,
				61A01EE5F684A9E94B4053A5 /* Pods_ConvertNumber.framework */,
				10D744E57414819FAE43DF78 /* Pods_ConvertNumberTests.framework */,
			);
			name = Frameworks;
			sourceTree = "<group>";
		};
/* End PBXGroup section */

/* Begin PBXNativeTarget section */
		82125316215DB8F1007262F9 /* ConvertNumber */ = {
			isa = PBXNativeTarget;
			buildConfigurationList = 82125329215DB8F3007262F9 /* Build configuration list for PBXNativeTarget "ConvertNumber" */;
			buildPhases = (
				1755C503FA6311B2E0D0F9E0 /* [CP] Check Pods Manifest.lock */,
				82125313215DB8F1007262F9 /* Sources */,
				82125314215DB8F1007262F9 /* Frameworks */,
				82125315215DB8F1007262F9 /* Resources */,
			);
			buildRules = (
			);
			dependencies = (
			);
			name = ConvertNumber;
			productName = ConvertNumber;
			productReference = 82125317215DB8F1007262F9 /* ConvertNumber.app */;
			productType = "com.apple.product-type.application";
		};
		82125331215DE588007262F9 /* ConvertNumberTests */ = {
			isa = PBXNativeTarget;
			buildConfigurationList = 82125339215DE588007262F9 /* Build configuration list for PBXNativeTarget "ConvertNumberTests" */;
			buildPhases = (
				FF0D3AE908CE12E3EA5CE915 /* [CP] Check Pods Manifest.lock */,
				8212532E215DE588007262F9 /* Sources */,
				8212532F215DE588007262F9 /* Frameworks */,
				82125330215DE588007262F9 /* Resources */,
				B5A4F99E4B8C09ADBCBFEEDE /* [CP] Embed Pods Frameworks */,
			);
			buildRules = (
			);
			dependencies = (
				82125338215DE588007262F9 /* PBXTargetDependency */,
			);
			name = ConvertNumberTests;
			productName = ConvertNumberTests;
			productReference = 82125332215DE588007262F9 /* ConvertNumberTests.xctest */;
			productType = "com.apple.product-type.bundle.unit-test";
		};
/* End PBXNativeTarget section */

/* Begin PBXProject section */
		8212530F215DB8F1007262F9 /* Project object */ = {
			isa = PBXProject;
			attributes = {
				LastSwiftUpdateCheck = 0940;
				LastUpgradeCheck = 0940;
				ORGANIZATIONNAME = "Vien Vu";
				TargetAttributes = {
					82125316215DB8F1007262F9 = {
						CreatedOnToolsVersion = 9.4.1;
						LastSwiftMigration = 1000;
					};
					82125331215DE588007262F9 = {
						CreatedOnToolsVersion = 9.4.1;
						LastSwiftMigration = 1000;
						TestTargetID = 82125316215DB8F1007262F9;
					};
				};
			};
			buildConfigurationList = 82125312215DB8F1007262F9 /* Build configuration list for PBXProject "ConvertNumber" */;
			compatibilityVersion = "Xcode 9.3";
			developmentRegion = en;
			hasScannedForEncodings = 0;
			knownRegions = (
				en,
				Base,
			);
			mainGroup = 8212530E215DB8F1007262F9;
			productRefGroup = 82125318215DB8F1007262F9 /* Products */;
			projectDirPath = "";
			projectRoot = "";
			targets = (
				82125316215DB8F1007262F9 /* ConvertNumber */,
				82125331215DE588007262F9 /* ConvertNumberTests */,
			);
		};
/* End PBXProject section */

/* Begin PBXResourcesBuildPhase section */
		82125315215DB8F1007262F9 /* Resources */ = {
			isa = PBXResourcesBuildPhase;
			buildActionMask = 2147483647;
			files = (
				82125325215DB8F3007262F9 /* LaunchScreen.storyboard in Resources */,
				82125322215DB8F3007262F9 /* Assets.xcassets in Resources */,
				82125320215DB8F1007262F9 /* Main.storyboard in Resources */,
			);
			runOnlyForDeploymentPostprocessing = 0;
		};
		82125330215DE588007262F9 /* Resources */ = {
			isa = PBXResourcesBuildPhase;
			buildActionMask = 2147483647;
			files = (
			);
			runOnlyForDeploymentPostprocessing = 0;
		};
/* End PBXResourcesBuildPhase section */

/* Begin PBXShellScriptBuildPhase section */
		1755C503FA6311B2E0D0F9E0 /* [CP] Check Pods Manifest.lock */ = {
			isa = PBXShellScriptBuildPhase;
			buildActionMask = 2147483647;
			files = (
			);
			inputPaths = (
				"${PODS_PODFILE_DIR_PATH}/Podfile.lock",
				"${PODS_ROOT}/Manifest.lock",
			);
			name = "[CP] Check Pods Manifest.lock";
			outputPaths = (
				"$(DERIVED_FILE_DIR)/Pods-ConvertNumber-checkManifestLockResult.txt",
			);
			runOnlyForDeploymentPostprocessing = 0;
			shellPath = /bin/sh;
			shellScript = "diff \"${PODS_PODFILE_DIR_PATH}/Podfile.lock\" \"${PODS_ROOT}/Manifest.lock\" > /dev/null\nif [ $? != 0 ] ; then\n    # print error to STDERR\n    echo \"error: The sandbox is not in sync with the Podfile.lock. Run 'pod install' or update your CocoaPods installation.\" >&2\n    exit 1\nfi\n# This output is used by Xcode 'outputs' to avoid re-running this script phase.\necho \"SUCCESS\" > \"${SCRIPT_OUTPUT_FILE_0}\"\n";
			showEnvVarsInLog = 0;
		};
		B5A4F99E4B8C09ADBCBFEEDE /* [CP] Embed Pods Frameworks */ = {
			isa = PBXShellScriptBuildPhase;
			buildActionMask = 2147483647;
			files = (
			);
			inputPaths = (
				"${SRCROOT}/Pods/Target Support Files/Pods-ConvertNumberTests/Pods-ConvertNumberTests-frameworks.sh",
				"${BUILT_PRODUCTS_DIR}/Nimble/Nimble.framework",
				"${BUILT_PRODUCTS_DIR}/Quick/Quick.framework",
			);
			name = "[CP] Embed Pods Frameworks";
			outputPaths = (
				"${TARGET_BUILD_DIR}/${FRAMEWORKS_FOLDER_PATH}/Nimble.framework",
				"${TARGET_BUILD_DIR}/${FRAMEWORKS_FOLDER_PATH}/Quick.framework",
			);
			runOnlyForDeploymentPostprocessing = 0;
			shellPath = /bin/sh;
			shellScript = "\"${SRCROOT}/Pods/Target Support Files/Pods-ConvertNumberTests/Pods-ConvertNumberTests-frameworks.sh\"\n";
			showEnvVarsInLog = 0;
		};
		FF0D3AE908CE12E3EA5CE915 /* [CP] Check Pods Manifest.lock */ = {
			isa = PBXShellScriptBuildPhase;
			buildActionMask = 2147483647;
			files = (
			);
			inputPaths = (
				"${PODS_PODFILE_DIR_PATH}/Podfile.lock",
				"${PODS_ROOT}/Manifest.lock",
			);
			name = "[CP] Check Pods Manifest.lock";
			outputPaths = (
				"$(DERIVED_FILE_DIR)/Pods-ConvertNumberTests-checkManifestLockResult.txt",
			);
			runOnlyForDeploymentPostprocessing = 0;
			shellPath = /bin/sh;
			shellScript = "diff \"${PODS_PODFILE_DIR_PATH}/Podfile.lock\" \"${PODS_ROOT}/Manifest.lock\" > /dev/null\nif [ $? != 0 ] ; then\n    # print error to STDERR\n    echo \"error: The sandbox is not in sync with the Podfile.lock. Run 'pod install' or update your CocoaPods installation.\" >&2\n    exit 1\nfi\n# This output is used by Xcode 'outputs' to avoid re-running this script phase.\necho \"SUCCESS\" > \"${SCRIPT_OUTPUT_FILE_0}\"\n";
			showEnvVarsInLog = 0;
		};
/* End PBXShellScriptBuildPhase section */

/* Begin PBXSourcesBuildPhase section */
		82125313215DB8F1007262F9 /* Sources */ = {
			isa = PBXSourcesBuildPhase;
			buildActionMask = 2147483647;
			files = (
				8212531D215DB8F1007262F9 /* ViewController.swift in Sources */,
				8212532D215DDB56007262F9 /* ViewModel.swift in Sources */,
				8212531B215DB8F1007262F9 /* AppDelegate.swift in Sources */,
			);
			runOnlyForDeploymentPostprocessing = 0;
		};
		8212532E215DE588007262F9 /* Sources */ = {
			isa = PBXSourcesBuildPhase;
			buildActionMask = 2147483647;
			files = (
				8212533D215DE704007262F9 /* ViewmodelTest.swift in Sources */,
				8212533E215DF952007262F9 /* ViewModel.swift in Sources */,
				82125335215DE588007262F9 /* ConvertNumberTests.swift in Sources */,
			);
			runOnlyForDeploymentPostprocessing = 0;
		};
/* End PBXSourcesBuildPhase section */

/* Begin PBXTargetDependency section */
		82125338215DE588007262F9 /* PBXTargetDependency */ = {
			isa = PBXTargetDependency;
			target = 82125316215DB8F1007262F9 /* ConvertNumber */;
			targetProxy = 82125337215DE588007262F9 /* PBXContainerItemProxy */;
		};
/* End PBXTargetDependency section */

/* Begin PBXVariantGroup section */
		8212531E215DB8F1007262F9 /* Main.storyboard */ = {
			isa = PBXVariantGroup;
			children = (
				8212531F215DB8F1007262F9 /* Base */,
			);
			name = Main.storyboard;
			sourceTree = "<group>";
		};
		82125323215DB8F3007262F9 /* LaunchScreen.storyboard */ = {
			isa = PBXVariantGroup;
			children = (
				82125324215DB8F3007262F9 /* Base */,
			);
			name = LaunchScreen.storyboard;
			sourceTree = "<group>";
		};
/* End PBXVariantGroup section */

/* Begin XCBuildConfiguration section */
		82125327215DB8F3007262F9 /* Debug */ = {
			isa = XCBuildConfiguration;
			buildSettings = {
				ALWAYS_SEARCH_USER_PATHS = NO;
				CLANG_ANALYZER_NONNULL = YES;
				CLANG_ANALYZER_NUMBER_OBJECT_CONVERSION = YES_AGGRESSIVE;
				CLANG_CXX_LANGUAGE_STANDARD = "gnu++14";
				CLANG_CXX_LIBRARY = "libc++";
				CLANG_ENABLE_MODULES = YES;
				CLANG_ENABLE_OBJC_ARC = YES;
				CLANG_ENABLE_OBJC_WEAK = YES;
				CLANG_WARN_BLOCK_CAPTURE_AUTORELEASING = YES;
				CLANG_WARN_BOOL_CONVERSION = YES;
				CLANG_WARN_COMMA = YES;
				CLANG_WARN_CONSTANT_CONVERSION = YES;
				CLANG_WARN_DEPRECATED_OBJC_IMPLEMENTATIONS = YES;
				CLANG_WARN_DIRECT_OBJC_ISA_USAGE = YES_ERROR;
				CLANG_WARN_DOCUMENTATION_COMMENTS = YES;
				CLANG_WARN_EMPTY_BODY = YES;
				CLANG_WARN_ENUM_CONVERSION = YES;
				CLANG_WARN_INFINITE_RECURSION = YES;
				CLANG_WARN_INT_CONVERSION = YES;
				CLANG_WARN_NON_LITERAL_NULL_CONVERSION = YES;
				CLANG_WARN_OBJC_IMPLICIT_RETAIN_SELF = YES;
				CLANG_WARN_OBJC_LITERAL_CONVERSION = YES;
				CLANG_WARN_OBJC_ROOT_CLASS = YES_ERROR;
				CLANG_WARN_RANGE_LOOP_ANALYSIS = YES;
				CLANG_WARN_STRICT_PROTOTYPES = YES;
				CLANG_WARN_SUSPICIOUS_MOVE = YES;
				CLANG_WARN_UNGUARDED_AVAILABILITY = YES_AGGRESSIVE;
				CLANG_WARN_UNREACHABLE_CODE = YES;
				CLANG_WARN__DUPLICATE_METHOD_MATCH = YES;
				CODE_SIGN_IDENTITY = "iPhone Developer";
				COPY_PHASE_STRIP = NO;
				DEBUG_INFORMATION_FORMAT = dwarf;
				ENABLE_STRICT_OBJC_MSGSEND = YES;
				ENABLE_TESTABILITY = YES;
				GCC_C_LANGUAGE_STANDARD = gnu11;
				GCC_DYNAMIC_NO_PIC = NO;
				GCC_NO_COMMON_BLOCKS = YES;
				GCC_OPTIMIZATION_LEVEL = 0;
				GCC_PREPROCESSOR_DEFINITIONS = (
					"DEBUG=1",
					"$(inherited)",
				);
				GCC_WARN_64_TO_32_BIT_CONVERSION = YES;
				GCC_WARN_ABOUT_RETURN_TYPE = YES_ERROR;
				GCC_WARN_UNDECLARED_SELECTOR = YES;
				GCC_WARN_UNINITIALIZED_AUTOS = YES_AGGRESSIVE;
				GCC_WARN_UNUSED_FUNCTION = YES;
				GCC_WARN_UNUSED_VARIABLE = YES;
				IPHONEOS_DEPLOYMENT_TARGET = 10.0;
				MTL_ENABLE_DEBUG_INFO = YES;
				ONLY_ACTIVE_ARCH = YES;
				SDKROOT = iphoneos;
				SWIFT_ACTIVE_COMPILATION_CONDITIONS = DEBUG;
				SWIFT_OPTIMIZATION_LEVEL = "-Onone";
			};
			name = Debug;
		};
		82125328215DB8F3007262F9 /* Release */ = {
			isa = XCBuildConfiguration;
			buildSettings = {
				ALWAYS_SEARCH_USER_PATHS = NO;
				CLANG_ANALYZER_NONNULL = YES;
				CLANG_ANALYZER_NUMBER_OBJECT_CONVERSION = YES_AGGRESSIVE;
				CLANG_CXX_LANGUAGE_STANDARD = "gnu++14";
				CLANG_CXX_LIBRARY = "libc++";
				CLANG_ENABLE_MODULES = YES;
				CLANG_ENABLE_OBJC_ARC = YES;
				CLANG_ENABLE_OBJC_WEAK = YES;
				CLANG_WARN_BLOCK_CAPTURE_AUTORELEASING = YES;
				CLANG_WARN_BOOL_CONVERSION = YES;
				CLANG_WARN_COMMA = YES;
				CLANG_WARN_CONSTANT_CONVERSION = YES;
				CLANG_WARN_DEPRECATED_OBJC_IMPLEMENTATIONS = YES;
				CLANG_WARN_DIRECT_OBJC_ISA_USAGE = YES_ERROR;
				CLANG_WARN_DOCUMENTATION_COMMENTS = YES;
				CLANG_WARN_EMPTY_BODY = YES;
				CLANG_WARN_ENUM_CONVERSION = YES;
				CLANG_WARN_INFINITE_RECURSION = YES;
				CLANG_WARN_INT_CONVERSION = YES;
				CLANG_WARN_NON_LITERAL_NULL_CONVERSION = YES;
				CLANG_WARN_OBJC_IMPLICIT_RETAIN_SELF = YES;
				CLANG_WARN_OBJC_LITERAL_CONVERSION = YES;
				CLANG_WARN_OBJC_ROOT_CLASS = YES_ERROR;
				CLANG_WARN_RANGE_LOOP_ANALYSIS = YES;
				CLANG_WARN_STRICT_PROTOTYPES = YES;
				CLANG_WARN_SUSPICIOUS_MOVE = YES;
				CLANG_WARN_UNGUARDED_AVAILABILITY = YES_AGGRESSIVE;
				CLANG_WARN_UNREACHABLE_CODE = YES;
				CLANG_WARN__DUPLICATE_METHOD_MATCH = YES;
				CODE_SIGN_IDENTITY = "iPhone Developer";
				COPY_PHASE_STRIP = NO;
				DEBUG_INFORMATION_FORMAT = "dwarf-with-dsym";
				ENABLE_NS_ASSERTIONS = NO;
				ENABLE_STRICT_OBJC_MSGSEND = YES;
				GCC_C_LANGUAGE_STANDARD = gnu11;
				GCC_NO_COMMON_BLOCKS = YES;
				GCC_WARN_64_TO_32_BIT_CONVERSION = YES;
				GCC_WARN_ABOUT_RETURN_TYPE = YES_ERROR;
				GCC_WARN_UNDECLARED_SELECTOR = YES;
				GCC_WARN_UNINITIALIZED_AUTOS = YES_AGGRESSIVE;
				GCC_WARN_UNUSED_FUNCTION = YES;
				GCC_WARN_UNUSED_VARIABLE = YES;
				IPHONEOS_DEPLOYMENT_TARGET = 10.0;
				MTL_ENABLE_DEBUG_INFO = NO;
				SDKROOT = iphoneos;
				SWIFT_COMPILATION_MODE = wholemodule;
				SWIFT_OPTIMIZATION_LEVEL = "-O";
				VALIDATE_PRODUCT = YES;
			};
			name = Release;
		};
		8212532A215DB8F3007262F9 /* Debug */ = {
			isa = XCBuildConfiguration;
			baseConfigurationReference = 0931B254D1B206318018CE54 /* Pods-ConvertNumber.debug.xcconfig */;
			buildSettings = {
				ALWAYS_EMBED_SWIFT_STANDARD_LIBRARIES = YES;
				ASSETCATALOG_COMPILER_APPICON_NAME = AppIcon;
				CODE_SIGN_STYLE = Automatic;
				DEFINES_MODULE = YES;
				DEVELOPMENT_TEAM = 3PJR37WJ8F;
				INFOPLIST_FILE = ConvertNumber/Info.plist;
				IPHONEOS_DEPLOYMENT_TARGET = 10.0;
				LD_RUNPATH_SEARCH_PATHS = (
					"$(inherited)",
					"@executable_path/Frameworks",
				);
				PRODUCT_BUNDLE_IDENTIFIER = "vien-vu.ConvertNumber";
				PRODUCT_NAME = "$(TARGET_NAME)";
				SWIFT_VERSION = 4.2;
				TARGETED_DEVICE_FAMILY = "1,2";
			};
			name = Debug;
		};
		8212532B215DB8F3007262F9 /* Release */ = {
			isa = XCBuildConfiguration;
			baseConfigurationReference = F0ABF086057AE04FA54B5E7B /* Pods-ConvertNumber.release.xcconfig */;
			buildSettings = {
				ALWAYS_EMBED_SWIFT_STANDARD_LIBRARIES = YES;
				ASSETCATALOG_COMPILER_APPICON_NAME = AppIcon;
				CODE_SIGN_STYLE = Automatic;
				DEFINES_MODULE = YES;
				DEVELOPMENT_TEAM = 3PJR37WJ8F;
				INFOPLIST_FILE = ConvertNumber/Info.plist;
				IPHONEOS_DEPLOYMENT_TARGET = 10.0;
				LD_RUNPATH_SEARCH_PATHS = (
					"$(inherited)",
					"@executable_path/Frameworks",
				);
				PRODUCT_BUNDLE_IDENTIFIER = "vien-vu.ConvertNumber";
				PRODUCT_NAME = "$(TARGET_NAME)";
				SWIFT_VERSION = 4.2;
				TARGETED_DEVICE_FAMILY = "1,2";
			};
			name = Release;
		};
		8212533A215DE588007262F9 /* Debug */ = {
			isa = XCBuildConfiguration;
			baseConfigurationReference = 369A0A678628B046A6B6DD64 /* Pods-ConvertNumberTests.debug.xcconfig */;
			buildSettings = {
				BUNDLE_LOADER = "$(TEST_HOST)";
				CODE_SIGN_STYLE = Automatic;
				DEVELOPMENT_TEAM = 3PJR37WJ8F;
				INFOPLIST_FILE = ConvertNumberTests/Info.plist;
				LD_RUNPATH_SEARCH_PATHS = (
					"$(inherited)",
					"@executable_path/Frameworks",
					"@loader_path/Frameworks",
				);
				PRODUCT_BUNDLE_IDENTIFIER = "vien-vu.ConvertNumberTests";
				PRODUCT_NAME = "$(TARGET_NAME)";
				SWIFT_VERSION = 4.2;
				TARGETED_DEVICE_FAMILY = "1,2";
				TEST_HOST = "$(BUILT_PRODUCTS_DIR)/ConvertNumber.app/ConvertNumber";
			};
			name = Debug;
		};
		8212533B215DE588007262F9 /* Release */ = {
			isa = XCBuildConfiguration;
			baseConfigurationReference = 83A69F1BED180A3AD525BA20 /* Pods-ConvertNumberTests.release.xcconfig */;
			buildSettings = {
				BUNDLE_LOADER = "$(TEST_HOST)";
				CODE_SIGN_STYLE = Automatic;
				DEVELOPMENT_TEAM = 3PJR37WJ8F;
				INFOPLIST_FILE = ConvertNumberTests/Info.plist;
				LD_RUNPATH_SEARCH_PATHS = (
					"$(inherited)",
					"@executable_path/Frameworks",
					"@loader_path/Frameworks",
				);
				PRODUCT_BUNDLE_IDENTIFIER = "vien-vu.ConvertNumberTests";
				PRODUCT_NAME = "$(TARGET_NAME)";
				SWIFT_VERSION = 4.2;
				TARGETED_DEVICE_FAMILY = "1,2";
				TEST_HOST = "$(BUILT_PRODUCTS_DIR)/ConvertNumber.app/ConvertNumber";
			};
			name = Release;
		};
/* End XCBuildConfiguration section */

/* Begin XCConfigurationList section */
		82125312215DB8F1007262F9 /* Build configuration list for PBXProject "ConvertNumber" */ = {
			isa = XCConfigurationList;
			buildConfigurations = (
				82125327215DB8F3007262F9 /* Debug */,
				82125328215DB8F3007262F9 /* Release */,
			);
			defaultConfigurationIsVisible = 0;
			defaultConfigurationName = Release;
		};
		82125329215DB8F3007262F9 /* Build configuration list for PBXNativeTarget "ConvertNumber" */ = {
			isa = XCConfigurationList;
			buildConfigurations = (
				8212532A215DB8F3007262F9 /* Debug */,
				8212532B215DB8F3007262F9 /* Release */,
			);
			defaultConfigurationIsVisible = 0;
			defaultConfigurationName = Release;
		};
		82125339215DE588007262F9 /* Build configuration list for PBXNativeTarget "ConvertNumberTests" */ = {
			isa = XCConfigurationList;
			buildConfigurations = (
				8212533A215DE588007262F9 /* Debug */,
				8212533B215DE588007262F9 /* Release */,
			);
			defaultConfigurationIsVisible = 0;
			defaultConfigurationName = Release;
		};
/* End XCConfigurationList section */
	};
	rootObject = 8212530F215DB8F1007262F9 /* Project object */;
}
